
Microsoft Visual Studio Solution File, Format Version 12.00
# Visual Studio Version 16
VisualStudioVersion = 16.0.29806.167
MinimumVisualStudioVersion = 10.0.40219.1
Project("{2150E333-8FDC-42A3-9474-1A3956D46DE8}") = "Application", "Application", "{EEA0FC5B-3787-444F-8CB0-9693917D3515}"
EndProject
Project("{2150E333-8FDC-42A3-9474-1A3956D46DE8}") = "1 - Presentation", "1 - Presentation", "{D9BDCCEA-62AC-441B-9713-2615DEDC757E}"
EndProject
Project("{2150E333-8FDC-42A3-9474-1A3956D46DE8}") = "2 - Services", "2 - Services", "{11D86A52-BF6B-47C7-A20F-DDA6362DED07}"
EndProject
Project("{2150E333-8FDC-42A3-9474-1A3956D46DE8}") = "3 - Application", "3 - Application", "{82BD874B-D0A1-4802-8278-ADD9693DB589}"
EndProject
Project("{2150E333-8FDC-42A3-9474-1A3956D46DE8}") = "4 - Domain", "4 - Domain", "{3EBA0177-BABE-46B8-9FB4-8F6A0C2DB60C}"
EndProject
Project("{2150E333-8FDC-42A3-9474-1A3956D46DE8}") = "5 - Infrastructure", "5 - Infrastructure", "{469CB850-3794-4596-B7CA-2B5B883E87B3}"
EndProject
Project("{2150E333-8FDC-42A3-9474-1A3956D46DE8}") = "5.1 - Data", "5.1 - Data", "{71353853-4021-478B-85FE-7C9A81AED798}"
EndProject
Project("{2150E333-8FDC-42A3-9474-1A3956D46DE8}") = "5.2 - CrossCutting", "5.2 - CrossCutting", "{39B36EDC-7717-4F65-A81B-5176269E1DAB}"
EndProject
Project("{2150E333-8FDC-42A3-9474-1A3956D46DE8}") = "Tests", "Tests", "{597E8C1B-7401-4A6E-8857-46D5A273FD82}"
EndProject
Project("{9A19103F-16F7-4668-BE54-9A1E7A4F7556}") = "AirplaneProject.IntegrationTests", "tests\AirplaneProject.IntegrationTests\AirplaneProject.IntegrationTests.csproj", "{0562F750-CCA6-478A-BB9C-D9C297421C30}"
EndProject
Project("{9A19103F-16F7-4668-BE54-9A1E7A4F7556}") = "AirplaneProject.WebApi", "src\AirplaneProject.WebApi\AirplaneProject.WebApi.csproj", "{A87CA581-B3BD-4F6A-A146-DD626C3A21DA}"
EndProject
Project("{9A19103F-16F7-4668-BE54-9A1E7A4F7556}") = "AirplaneProject.Application", "src\AirplaneProject.Application\AirplaneProject.Application.csproj", "{8FB25218-0E9F-4C5B-BBD8-EC6DC9524738}"
EndProject
Project("{9A19103F-16F7-4668-BE54-9A1E7A4F7556}") = "AirplaneProject.Domain", "src\AirplaneProject.Domain\AirplaneProject.Domain.csproj", "{7111D3FE-983F-4F44-A76D-04B3BB710D97}"
EndProject
Project("{9A19103F-16F7-4668-BE54-9A1E7A4F7556}") = "AirplaneProject.Core", "src\AirplaneProject.Core\AirplaneProject.Core.csproj", "{1FD604B3-4E70-483D-98B3-FD4B46712A86}"
EndProject
Project("{9A19103F-16F7-4668-BE54-9A1E7A4F7556}") = "AirplaneProject.CrossCutting", "src\AirplaneProject.CrossCutting\AirplaneProject.CrossCutting.csproj", "{74E5BACB-4D8F-478B-A9C1-C4AF4DDBE5F5}"
EndProject
Global
	GlobalSection(SolutionConfigurationPlatforms) = preSolution
		Debug|Any CPU = Debug|Any CPU
		Release|Any CPU = Release|Any CPU
	EndGlobalSection
	GlobalSection(ProjectConfigurationPlatforms) = postSolution
		{0562F750-CCA6-478A-BB9C-D9C297421C30}.Debug|Any CPU.ActiveCfg = Debug|Any CPU
		{0562F750-CCA6-478A-BB9C-D9C297421C30}.Debug|Any CPU.Build.0 = Debug|Any CPU
		{0562F750-CCA6-478A-BB9C-D9C297421C30}.Release|Any CPU.ActiveCfg = Release|Any CPU
		{0562F750-CCA6-478A-BB9C-D9C297421C30}.Release|Any CPU.Build.0 = Release|Any CPU
		{A87CA581-B3BD-4F6A-A146-DD626C3A21DA}.Debug|Any CPU.ActiveCfg = Debug|Any CPU
		{A87CA581-B3BD-4F6A-A146-DD626C3A21DA}.Debug|Any CPU.Build.0 = Debug|Any CPU
		{A87CA581-B3BD-4F6A-A146-DD626C3A21DA}.Release|Any CPU.ActiveCfg = Release|Any CPU
		{A87CA581-B3BD-4F6A-A146-DD626C3A21DA}.Release|Any CPU.Build.0 = Release|Any CPU
		{8FB25218-0E9F-4C5B-BBD8-EC6DC9524738}.Debug|Any CPU.ActiveCfg = Debug|Any CPU
		{8FB25218-0E9F-4C5B-BBD8-EC6DC9524738}.Debug|Any CPU.Build.0 = Debug|Any CPU
		{8FB25218-0E9F-4C5B-BBD8-EC6DC9524738}.Release|Any CPU.ActiveCfg = Release|Any CPU
		{8FB25218-0E9F-4C5B-BBD8-EC6DC9524738}.Release|Any CPU.Build.0 = Release|Any CPU
		{7111D3FE-983F-4F44-A76D-04B3BB710D97}.Debug|Any CPU.ActiveCfg = Debug|Any CPU
		{7111D3FE-983F-4F44-A76D-04B3BB710D97}.Debug|Any CPU.Build.0 = Debug|Any CPU
		{7111D3FE-983F-4F44-A76D-04B3BB710D97}.Release|Any CPU.ActiveCfg = Release|Any CPU
		{7111D3FE-983F-4F44-A76D-04B3BB710D97}.Release|Any CPU.Build.0 = Release|Any CPU
		{1FD604B3-4E70-483D-98B3-FD4B46712A86}.Debug|Any CPU.ActiveCfg = Debug|Any CPU
		{1FD604B3-4E70-483D-98B3-FD4B46712A86}.Debug|Any CPU.Build.0 = Debug|Any CPU
		{1FD604B3-4E70-483D-98B3-FD4B46712A86}.Release|Any CPU.ActiveCfg = Release|Any CPU
		{1FD604B3-4E70-483D-98B3-FD4B46712A86}.Release|Any CPU.Build.0 = Release|Any CPU
		{74E5BACB-4D8F-478B-A9C1-C4AF4DDBE5F5}.Debug|Any CPU.ActiveCfg = Debug|Any CPU
		{74E5BACB-4D8F-478B-A9C1-C4AF4DDBE5F5}.Debug|Any CPU.Build.0 = Debug|Any CPU
		{74E5BACB-4D8F-478B-A9C1-C4AF4DDBE5F5}.Release|Any CPU.ActiveCfg = Release|Any CPU
		{74E5BACB-4D8F-478B-A9C1-C4AF4DDBE5F5}.Release|Any CPU.Build.0 = Release|Any CPU
	EndGlobalSection
	GlobalSection(SolutionProperties) = preSolution
		HideSolutionNode = FALSE
	EndGlobalSection
	GlobalSection(NestedProjects) = preSolution
		{D9BDCCEA-62AC-441B-9713-2615DEDC757E} = {EEA0FC5B-3787-444F-8CB0-9693917D3515}
		{11D86A52-BF6B-47C7-A20F-DDA6362DED07} = {EEA0FC5B-3787-444F-8CB0-9693917D3515}
		{82BD874B-D0A1-4802-8278-ADD9693DB589} = {EEA0FC5B-3787-444F-8CB0-9693917D3515}
		{3EBA0177-BABE-46B8-9FB4-8F6A0C2DB60C} = {EEA0FC5B-3787-444F-8CB0-9693917D3515}
		{469CB850-3794-4596-B7CA-2B5B883E87B3} = {EEA0FC5B-3787-444F-8CB0-9693917D3515}
		{71353853-4021-478B-85FE-7C9A81AED798} = {469CB850-3794-4596-B7CA-2B5B883E87B3}
		{39B36EDC-7717-4F65-A81B-5176269E1DAB} = {469CB850-3794-4596-B7CA-2B5B883E87B3}
		{0562F750-CCA6-478A-BB9C-D9C297421C30} = {597E8C1B-7401-4A6E-8857-46D5A273FD82}
		{A87CA581-B3BD-4F6A-A146-DD626C3A21DA} = {11D86A52-BF6B-47C7-A20F-DDA6362DED07}
		{8FB25218-0E9F-4C5B-BBD8-EC6DC9524738} = {82BD874B-D0A1-4802-8278-ADD9693DB589}
		{7111D3FE-983F-4F44-A76D-04B3BB710D97} = {3EBA0177-BABE-46B8-9FB4-8F6A0C2DB60C}
		{1FD604B3-4E70-483D-98B3-FD4B46712A86} = {3EBA0177-BABE-46B8-9FB4-8F6A0C2DB60C}
		{74E5BACB-4D8F-478B-A9C1-C4AF4DDBE5F5} = {39B36EDC-7717-4F65-A81B-5176269E1DAB}
	EndGlobalSection
	GlobalSection(ExtensibilityGlobals) = postSolution
		SolutionGuid = {A0CB2A5E-CB45-4F87-A992-E93F38A7FA54}
	EndGlobalSection
EndGlobal
