
Microsoft Visual Studio Solution File, Format Version 12.00
# Visual Studio Version 16
VisualStudioVersion = 16.0.29806.167
MinimumVisualStudioVersion = 10.0.40219.1
Project("{2150E333-8FDC-42A3-9474-1A3956D46DE8}") = "Application", "Application", "{EEA0FC5B-3787-444F-8CB0-9693917D3515}"
EndProject
Project("{2150E333-8FDC-42A3-9474-1A3956D46DE8}") = "1 - Presentation", "1 - Presentation", "{D9BDCCEA-62AC-441B-9713-2615DEDC757E}"
EndProject
Project("{2150E333-8FDC-42A3-9474-1A3956D46DE8}") = "2 - Services", "2 - Services", "{11D86A52-BF6B-47C7-A20F-DDA6362DED07}"
EndProject
Project("{2150E333-8FDC-42A3-9474-1A3956D46DE8}") = "3 - Application", "3 - Application", "{82BD874B-D0A1-4802-8278-ADD9693DB589}"
EndProject
Project("{2150E333-8FDC-42A3-9474-1A3956D46DE8}") = "4 - Domain", "4 - Domain", "{3EBA0177-BABE-46B8-9FB4-8F6A0C2DB60C}"
EndProject
Project("{2150E333-8FDC-42A3-9474-1A3956D46DE8}") = "5 - Infrastructure", "5 - Infrastructure", "{469CB850-3794-4596-B7CA-2B5B883E87B3}"
EndProject
Project("{2150E333-8FDC-42A3-9474-1A3956D46DE8}") = "5.2 - CrossCutting", "5.2 - CrossCutting", "{39B36EDC-7717-4F65-A81B-5176269E1DAB}"
EndProject
Project("{2150E333-8FDC-42A3-9474-1A3956D46DE8}") = "Tests", "Tests", "{597E8C1B-7401-4A6E-8857-46D5A273FD82}"
EndProject
Project("{9A19103F-16F7-4668-BE54-9A1E7A4F7556}") = "YGO7.WebApi", "src\YGO7.WebApi\YGO7.WebApi.csproj", "{70619AF4-FC41-4F4D-9EFA-98D565DE686B}"
EndProject
Project("{9A19103F-16F7-4668-BE54-9A1E7A4F7556}") = "YGO7.Application", "src\YGO7.Application\YGO7.Application.csproj", "{478B6480-420B-4E9C-AB77-D13B7B43A8E9}"
EndProject
Project("{9A19103F-16F7-4668-BE54-9A1E7A4F7556}") = "YGO7.Core", "src\YGO7.Core\YGO7.Core.csproj", "{9729AD23-45DB-4CEE-87EB-08844954EEEC}"
EndProject
Project("{9A19103F-16F7-4668-BE54-9A1E7A4F7556}") = "YGO7.CrossCutting", "src\YGO7.CrossCutting\YGO7.CrossCutting.csproj", "{F6055E39-C9FE-480E-BAAE-3572304209A2}"
EndProject
Project("{9A19103F-16F7-4668-BE54-9A1E7A4F7556}") = "YGO7.Domain", "src\YGO7.Domain\YGO7.Domain.csproj", "{3850CB31-46CE-4319-A4AD-BF059390BD12}"
EndProject
Global
	GlobalSection(SolutionConfigurationPlatforms) = preSolution
		Debug|Any CPU = Debug|Any CPU
		Release|Any CPU = Release|Any CPU
	EndGlobalSection
	GlobalSection(ProjectConfigurationPlatforms) = postSolution
		{70619AF4-FC41-4F4D-9EFA-98D565DE686B}.Debug|Any CPU.ActiveCfg = Debug|Any CPU
		{70619AF4-FC41-4F4D-9EFA-98D565DE686B}.Debug|Any CPU.Build.0 = Debug|Any CPU
		{70619AF4-FC41-4F4D-9EFA-98D565DE686B}.Release|Any CPU.ActiveCfg = Release|Any CPU
		{70619AF4-FC41-4F4D-9EFA-98D565DE686B}.Release|Any CPU.Build.0 = Release|Any CPU
		{478B6480-420B-4E9C-AB77-D13B7B43A8E9}.Debug|Any CPU.ActiveCfg = Debug|Any CPU
		{478B6480-420B-4E9C-AB77-D13B7B43A8E9}.Debug|Any CPU.Build.0 = Debug|Any CPU
		{478B6480-420B-4E9C-AB77-D13B7B43A8E9}.Release|Any CPU.ActiveCfg = Release|Any CPU
		{478B6480-420B-4E9C-AB77-D13B7B43A8E9}.Release|Any CPU.Build.0 = Release|Any CPU
		{9729AD23-45DB-4CEE-87EB-08844954EEEC}.Debug|Any CPU.ActiveCfg = Debug|Any CPU
		{9729AD23-45DB-4CEE-87EB-08844954EEEC}.Debug|Any CPU.Build.0 = Debug|Any CPU
		{9729AD23-45DB-4CEE-87EB-08844954EEEC}.Release|Any CPU.ActiveCfg = Release|Any CPU
		{9729AD23-45DB-4CEE-87EB-08844954EEEC}.Release|Any CPU.Build.0 = Release|Any CPU
		{F6055E39-C9FE-480E-BAAE-3572304209A2}.Debug|Any CPU.ActiveCfg = Debug|Any CPU
		{F6055E39-C9FE-480E-BAAE-3572304209A2}.Debug|Any CPU.Build.0 = Debug|Any CPU
		{F6055E39-C9FE-480E-BAAE-3572304209A2}.Release|Any CPU.ActiveCfg = Release|Any CPU
		{F6055E39-C9FE-480E-BAAE-3572304209A2}.Release|Any CPU.Build.0 = Release|Any CPU
		{3850CB31-46CE-4319-A4AD-BF059390BD12}.Debug|Any CPU.ActiveCfg = Debug|Any CPU
		{3850CB31-46CE-4319-A4AD-BF059390BD12}.Debug|Any CPU.Build.0 = Debug|Any CPU
		{3850CB31-46CE-4319-A4AD-BF059390BD12}.Release|Any CPU.ActiveCfg = Release|Any CPU
		{3850CB31-46CE-4319-A4AD-BF059390BD12}.Release|Any CPU.Build.0 = Release|Any CPU
	EndGlobalSection
	GlobalSection(SolutionProperties) = preSolution
		HideSolutionNode = FALSE
	EndGlobalSection
	GlobalSection(NestedProjects) = preSolution
		{D9BDCCEA-62AC-441B-9713-2615DEDC757E} = {EEA0FC5B-3787-444F-8CB0-9693917D3515}
		{11D86A52-BF6B-47C7-A20F-DDA6362DED07} = {EEA0FC5B-3787-444F-8CB0-9693917D3515}
		{82BD874B-D0A1-4802-8278-ADD9693DB589} = {EEA0FC5B-3787-444F-8CB0-9693917D3515}
		{3EBA0177-BABE-46B8-9FB4-8F6A0C2DB60C} = {EEA0FC5B-3787-444F-8CB0-9693917D3515}
		{469CB850-3794-4596-B7CA-2B5B883E87B3} = {EEA0FC5B-3787-444F-8CB0-9693917D3515}
		{39B36EDC-7717-4F65-A81B-5176269E1DAB} = {469CB850-3794-4596-B7CA-2B5B883E87B3}
		{70619AF4-FC41-4F4D-9EFA-98D565DE686B} = {11D86A52-BF6B-47C7-A20F-DDA6362DED07}
		{478B6480-420B-4E9C-AB77-D13B7B43A8E9} = {82BD874B-D0A1-4802-8278-ADD9693DB589}
		{9729AD23-45DB-4CEE-87EB-08844954EEEC} = {3EBA0177-BABE-46B8-9FB4-8F6A0C2DB60C}
		{F6055E39-C9FE-480E-BAAE-3572304209A2} = {39B36EDC-7717-4F65-A81B-5176269E1DAB}
		{3850CB31-46CE-4319-A4AD-BF059390BD12} = {3EBA0177-BABE-46B8-9FB4-8F6A0C2DB60C}
	EndGlobalSection
	GlobalSection(ExtensibilityGlobals) = postSolution
		SolutionGuid = {A0CB2A5E-CB45-4F87-A992-E93F38A7FA54}
	EndGlobalSection
EndGlobal
